
Microsoft Visual Studio Solution File, Format Version 10.00
# Visual Studio 2008
Project("{8BC9CEB8-8B4A-11D0-8D11-00A0C91BC942}") = "libprotobuf", "protobuf-2.6.1\vsprojects\libprotobuf.vcproj", "{3E283F37-A4ED-41B7-A3E6-A2D89D131A30}"
EndProject
Project("{8BC9CEB8-8B4A-11D0-8D11-00A0C91BC942}") = "VBS3ZeroMqPosPlugin", "VBS3ZeroMqPosPlugin\VBS3ZeroMqPosPlugin.vcproj", "{99011A0E-5493-4DD9-BC73-05F9206E5409}"
EndProject
Project("{8BC9CEB8-8B4A-11D0-8D11-00A0C91BC942}") = "ConsoleTest", "ConsoleTest\ConsoleTest.vcproj", "{A51AB978-4885-4EBB-88F5-CB6FEDA89736}"
EndProject
Project("{8BC9CEB8-8B4A-11D0-8D11-00A0C91BC942}") = "libzmq", "zeromq-4.1.5\builds\msvc\vs2008\libzmq\libzmq.vcproj", "{641C5F36-32EE-4323-B740-992B651CF9D6}"
EndProject
Global
	GlobalSection(SolutionConfigurationPlatforms) = preSolution
		Debug|Win32 = Debug|Win32
		Debug|x64 = Debug|x64
		DebugDLL|Win32 = DebugDLL|Win32
		DebugDLL|x64 = DebugDLL|x64
		Release|Win32 = Release|Win32
		Release|x64 = Release|x64
		ReleaseDLL|Win32 = ReleaseDLL|Win32
		ReleaseDLL|x64 = ReleaseDLL|x64
		RelWithDebInfo|Win32 = RelWithDebInfo|Win32
		RelWithDebInfo|x64 = RelWithDebInfo|x64
		StaticDebug|Win32 = StaticDebug|Win32
		StaticDebug|x64 = StaticDebug|x64
		StaticRelease|Win32 = StaticRelease|Win32
		StaticRelease|x64 = StaticRelease|x64
		WithOpenPGM|Win32 = WithOpenPGM|Win32
		WithOpenPGM|x64 = WithOpenPGM|x64
	EndGlobalSection
	GlobalSection(ProjectConfigurationPlatforms) = postSolution
		{3E283F37-A4ED-41B7-A3E6-A2D89D131A30}.Debug|Win32.ActiveCfg = Debug|Win32
		{3E283F37-A4ED-41B7-A3E6-A2D89D131A30}.Debug|Win32.Build.0 = Debug|Win32
		{3E283F37-A4ED-41B7-A3E6-A2D89D131A30}.Debug|x64.ActiveCfg = Debug|x64
		{3E283F37-A4ED-41B7-A3E6-A2D89D131A30}.Debug|x64.Build.0 = Debug|x64
		{3E283F37-A4ED-41B7-A3E6-A2D89D131A30}.DebugDLL|Win32.ActiveCfg = Debug|x64
		{3E283F37-A4ED-41B7-A3E6-A2D89D131A30}.DebugDLL|x64.ActiveCfg = Debug|x64
		{3E283F37-A4ED-41B7-A3E6-A2D89D131A30}.DebugDLL|x64.Build.0 = Debug|x64
		{3E283F37-A4ED-41B7-A3E6-A2D89D131A30}.Release|Win32.ActiveCfg = Release|Win32
		{3E283F37-A4ED-41B7-A3E6-A2D89D131A30}.Release|Win32.Build.0 = Release|Win32
		{3E283F37-A4ED-41B7-A3E6-A2D89D131A30}.Release|x64.ActiveCfg = Release|x64
		{3E283F37-A4ED-41B7-A3E6-A2D89D131A30}.Release|x64.Build.0 = Release|x64
		{3E283F37-A4ED-41B7-A3E6-A2D89D131A30}.ReleaseDLL|Win32.ActiveCfg = Release|x64
		{3E283F37-A4ED-41B7-A3E6-A2D89D131A30}.ReleaseDLL|x64.ActiveCfg = Release|x64
		{3E283F37-A4ED-41B7-A3E6-A2D89D131A30}.ReleaseDLL|x64.Build.0 = Release|x64
		{3E283F37-A4ED-41B7-A3E6-A2D89D131A30}.RelWithDebInfo|Win32.ActiveCfg = Release|x64
		{3E283F37-A4ED-41B7-A3E6-A2D89D131A30}.RelWithDebInfo|x64.ActiveCfg = Release|x64
		{3E283F37-A4ED-41B7-A3E6-A2D89D131A30}.RelWithDebInfo|x64.Build.0 = Release|x64
		{3E283F37-A4ED-41B7-A3E6-A2D89D131A30}.StaticDebug|Win32.ActiveCfg = Debug|Win32
		{3E283F37-A4ED-41B7-A3E6-A2D89D131A30}.StaticDebug|Win32.Build.0 = Debug|Win32
		{3E283F37-A4ED-41B7-A3E6-A2D89D131A30}.StaticDebug|x64.ActiveCfg = Debug|x64
		{3E283F37-A4ED-41B7-A3E6-A2D89D131A30}.StaticDebug|x64.Build.0 = Debug|x64
		{3E283F37-A4ED-41B7-A3E6-A2D89D131A30}.StaticRelease|Win32.ActiveCfg = Release|Win32
		{3E283F37-A4ED-41B7-A3E6-A2D89D131A30}.StaticRelease|Win32.Build.0 = Release|Win32
		{3E283F37-A4ED-41B7-A3E6-A2D89D131A30}.StaticRelease|x64.ActiveCfg = Release|x64
		{3E283F37-A4ED-41B7-A3E6-A2D89D131A30}.StaticRelease|x64.Build.0 = Release|x64
		{3E283F37-A4ED-41B7-A3E6-A2D89D131A30}.WithOpenPGM|Win32.ActiveCfg = Release|x64
		{3E283F37-A4ED-41B7-A3E6-A2D89D131A30}.WithOpenPGM|x64.ActiveCfg = Release|x64
		{3E283F37-A4ED-41B7-A3E6-A2D89D131A30}.WithOpenPGM|x64.Build.0 = Release|x64
		{99011A0E-5493-4DD9-BC73-05F9206E5409}.Debug|Win32.ActiveCfg = Debug|Win32
		{99011A0E-5493-4DD9-BC73-05F9206E5409}.Debug|Win32.Build.0 = Debug|Win32
		{99011A0E-5493-4DD9-BC73-05F9206E5409}.Debug|x64.ActiveCfg = Debug|x64
		{99011A0E-5493-4DD9-BC73-05F9206E5409}.Debug|x64.Build.0 = Debug|x64
		{99011A0E-5493-4DD9-BC73-05F9206E5409}.DebugDLL|Win32.ActiveCfg = Debug|x64
		{99011A0E-5493-4DD9-BC73-05F9206E5409}.DebugDLL|x64.ActiveCfg = Debug|x64
		{99011A0E-5493-4DD9-BC73-05F9206E5409}.DebugDLL|x64.Build.0 = Debug|x64
		{99011A0E-5493-4DD9-BC73-05F9206E5409}.Release|Win32.ActiveCfg = Release|Win32
		{99011A0E-5493-4DD9-BC73-05F9206E5409}.Release|Win32.Build.0 = Release|Win32
		{99011A0E-5493-4DD9-BC73-05F9206E5409}.Release|x64.ActiveCfg = Release|x64
		{99011A0E-5493-4DD9-BC73-05F9206E5409}.Release|x64.Build.0 = Release|x64
		{99011A0E-5493-4DD9-BC73-05F9206E5409}.ReleaseDLL|Win32.ActiveCfg = Release|x64
		{99011A0E-5493-4DD9-BC73-05F9206E5409}.ReleaseDLL|x64.ActiveCfg = Release|x64
		{99011A0E-5493-4DD9-BC73-05F9206E5409}.ReleaseDLL|x64.Build.0 = Release|x64
		{99011A0E-5493-4DD9-BC73-05F9206E5409}.RelWithDebInfo|Win32.ActiveCfg = Release|x64
		{99011A0E-5493-4DD9-BC73-05F9206E5409}.RelWithDebInfo|x64.ActiveCfg = Release|x64
		{99011A0E-5493-4DD9-BC73-05F9206E5409}.RelWithDebInfo|x64.Build.0 = Release|x64
		{99011A0E-5493-4DD9-BC73-05F9206E5409}.StaticDebug|Win32.ActiveCfg = Debug|Win32
		{99011A0E-5493-4DD9-BC73-05F9206E5409}.StaticDebug|Win32.Build.0 = Debug|Win32
		{99011A0E-5493-4DD9-BC73-05F9206E5409}.StaticDebug|x64.ActiveCfg = Debug|x64
		{99011A0E-5493-4DD9-BC73-05F9206E5409}.StaticDebug|x64.Build.0 = Debug|x64
		{99011A0E-5493-4DD9-BC73-05F9206E5409}.StaticRelease|Win32.ActiveCfg = Release|Win32
		{99011A0E-5493-4DD9-BC73-05F9206E5409}.StaticRelease|Win32.Build.0 = Release|Win32
		{99011A0E-5493-4DD9-BC73-05F9206E5409}.StaticRelease|x64.ActiveCfg = Release|x64
		{99011A0E-5493-4DD9-BC73-05F9206E5409}.StaticRelease|x64.Build.0 = Release|x64
		{99011A0E-5493-4DD9-BC73-05F9206E5409}.WithOpenPGM|Win32.ActiveCfg = Release|x64
		{99011A0E-5493-4DD9-BC73-05F9206E5409}.WithOpenPGM|x64.ActiveCfg = Release|x64
		{99011A0E-5493-4DD9-BC73-05F9206E5409}.WithOpenPGM|x64.Build.0 = Release|x64
		{A51AB978-4885-4EBB-88F5-CB6FEDA89736}.Debug|Win32.ActiveCfg = Debug|Win32
		{A51AB978-4885-4EBB-88F5-CB6FEDA89736}.Debug|Win32.Build.0 = Debug|Win32
		{A51AB978-4885-4EBB-88F5-CB6FEDA89736}.Debug|x64.ActiveCfg = Debug|x64
		{A51AB978-4885-4EBB-88F5-CB6FEDA89736}.Debug|x64.Build.0 = Debug|x64
		{A51AB978-4885-4EBB-88F5-CB6FEDA89736}.DebugDLL|Win32.ActiveCfg = Debug|Win32
		{A51AB978-4885-4EBB-88F5-CB6FEDA89736}.DebugDLL|Win32.Build.0 = Debug|Win32
		{A51AB978-4885-4EBB-88F5-CB6FEDA89736}.DebugDLL|x64.ActiveCfg = Debug|Win32
		{A51AB978-4885-4EBB-88F5-CB6FEDA89736}.Release|Win32.ActiveCfg = Release|Win32
		{A51AB978-4885-4EBB-88F5-CB6FEDA89736}.Release|Win32.Build.0 = Release|Win32
		{A51AB978-4885-4EBB-88F5-CB6FEDA89736}.Release|x64.ActiveCfg = Release|x64
		{A51AB978-4885-4EBB-88F5-CB6FEDA89736}.Release|x64.Build.0 = Release|x64
		{A51AB978-4885-4EBB-88F5-CB6FEDA89736}.ReleaseDLL|Win32.ActiveCfg = Release|Win32
		{A51AB978-4885-4EBB-88F5-CB6FEDA89736}.ReleaseDLL|Win32.Build.0 = Release|Win32
		{A51AB978-4885-4EBB-88F5-CB6FEDA89736}.ReleaseDLL|x64.ActiveCfg = Release|Win32
		{A51AB978-4885-4EBB-88F5-CB6FEDA89736}.RelWithDebInfo|Win32.ActiveCfg = Release|Win32
		{A51AB978-4885-4EBB-88F5-CB6FEDA89736}.RelWithDebInfo|Win32.Build.0 = Release|Win32
		{A51AB978-4885-4EBB-88F5-CB6FEDA89736}.RelWithDebInfo|x64.ActiveCfg = Release|Win32
		{A51AB978-4885-4EBB-88F5-CB6FEDA89736}.StaticDebug|Win32.ActiveCfg = Debug|Win32
		{A51AB978-4885-4EBB-88F5-CB6FEDA89736}.StaticDebug|Win32.Build.0 = Debug|Win32
		{A51AB978-4885-4EBB-88F5-CB6FEDA89736}.StaticDebug|x64.ActiveCfg = Debug|Win32
		{A51AB978-4885-4EBB-88F5-CB6FEDA89736}.StaticRelease|Win32.ActiveCfg = Release|Win32
		{A51AB978-4885-4EBB-88F5-CB6FEDA89736}.StaticRelease|Win32.Build.0 = Release|Win32
		{A51AB978-4885-4EBB-88F5-CB6FEDA89736}.StaticRelease|x64.ActiveCfg = Release|Win32
		{A51AB978-4885-4EBB-88F5-CB6FEDA89736}.WithOpenPGM|Win32.ActiveCfg = Release|Win32
		{A51AB978-4885-4EBB-88F5-CB6FEDA89736}.WithOpenPGM|Win32.Build.0 = Release|Win32
		{A51AB978-4885-4EBB-88F5-CB6FEDA89736}.WithOpenPGM|x64.ActiveCfg = Release|Win32
		{641C5F36-32EE-4323-B740-992B651CF9D6}.Debug|Win32.ActiveCfg = Debug|Win32
		{641C5F36-32EE-4323-B740-992B651CF9D6}.Debug|Win32.Build.0 = Debug|Win32
		{641C5F36-32EE-4323-B740-992B651CF9D6}.Debug|x64.ActiveCfg = Debug|x64
		{641C5F36-32EE-4323-B740-992B651CF9D6}.Debug|x64.Build.0 = Debug|x64
		{641C5F36-32EE-4323-B740-992B651CF9D6}.DebugDLL|Win32.ActiveCfg = Debug|x64
		{641C5F36-32EE-4323-B740-992B651CF9D6}.DebugDLL|x64.ActiveCfg = Debug|x64
		{641C5F36-32EE-4323-B740-992B651CF9D6}.DebugDLL|x64.Build.0 = Debug|x64
		{641C5F36-32EE-4323-B740-992B651CF9D6}.Release|Win32.ActiveCfg = Release|Win32
		{641C5F36-32EE-4323-B740-992B651CF9D6}.Release|Win32.Build.0 = Release|Win32
		{641C5F36-32EE-4323-B740-992B651CF9D6}.Release|x64.ActiveCfg = Release|x64
		{641C5F36-32EE-4323-B740-992B651CF9D6}.Release|x64.Build.0 = Release|x64
		{641C5F36-32EE-4323-B740-992B651CF9D6}.ReleaseDLL|Win32.ActiveCfg = Release|x64
		{641C5F36-32EE-4323-B740-992B651CF9D6}.ReleaseDLL|x64.ActiveCfg = Release|x64
		{641C5F36-32EE-4323-B740-992B651CF9D6}.ReleaseDLL|x64.Build.0 = Release|x64
		{641C5F36-32EE-4323-B740-992B651CF9D6}.RelWithDebInfo|Win32.ActiveCfg = Release|x64
		{641C5F36-32EE-4323-B740-992B651CF9D6}.RelWithDebInfo|x64.ActiveCfg = Release|x64
		{641C5F36-32EE-4323-B740-992B651CF9D6}.RelWithDebInfo|x64.Build.0 = Release|x64
		{641C5F36-32EE-4323-B740-992B651CF9D6}.StaticDebug|Win32.ActiveCfg = StaticDebug|Win32
		{641C5F36-32EE-4323-B740-992B651CF9D6}.StaticDebug|Win32.Build.0 = StaticDebug|Win32
		{641C5F36-32EE-4323-B740-992B651CF9D6}.StaticDebug|x64.ActiveCfg = StaticDebug|x64
		{641C5F36-32EE-4323-B740-992B651CF9D6}.StaticDebug|x64.Build.0 = StaticDebug|x64
		{641C5F36-32EE-4323-B740-992B651CF9D6}.StaticRelease|Win32.ActiveCfg = StaticRelease|Win32
		{641C5F36-32EE-4323-B740-992B651CF9D6}.StaticRelease|Win32.Build.0 = StaticRelease|Win32
		{641C5F36-32EE-4323-B740-992B651CF9D6}.StaticRelease|x64.ActiveCfg = StaticRelease|x64
		{641C5F36-32EE-4323-B740-992B651CF9D6}.StaticRelease|x64.Build.0 = StaticRelease|x64
		{641C5F36-32EE-4323-B740-992B651CF9D6}.WithOpenPGM|Win32.ActiveCfg = WithOpenPGM|Win32
		{641C5F36-32EE-4323-B740-992B651CF9D6}.WithOpenPGM|Win32.Build.0 = WithOpenPGM|Win32
		{641C5F36-32EE-4323-B740-992B651CF9D6}.WithOpenPGM|x64.ActiveCfg = WithOpenPGM|x64
		{641C5F36-32EE-4323-B740-992B651CF9D6}.WithOpenPGM|x64.Build.0 = WithOpenPGM|x64
	EndGlobalSection
	GlobalSection(SolutionProperties) = preSolution
		HideSolutionNode = FALSE
	EndGlobalSection
EndGlobal
